
Microsoft Visual Studio Solution File, Format Version 12.00
# Visual Studio 15
VisualStudioVersion = 15.0.28307.1209
MinimumVisualStudioVersion = 10.0.40219.1
Project("{FAE04EC0-301F-11D3-BF4B-00C04F79EFBC}") = "GoogleTranslateTest", "GoogleTranslateTest\GoogleTranslateTest.csproj", "{742EB315-D51E-47FF-9C64-CE5F9F02E002}"
EndProject
Global
	GlobalSection(SolutionConfigurationPlatforms) = preSolution
		Debug|Any CPU = Debug|Any CPU
		Release|Any CPU = Release|Any CPU
	EndGlobalSection
	GlobalSection(ProjectConfigurationPlatforms) = postSolution
		{742EB315-D51E-47FF-9C64-CE5F9F02E002}.Debug|Any CPU.ActiveCfg = Debug|Any CPU
		{742EB315-D51E-47FF-9C64-CE5F9F02E002}.Debug|Any CPU.Build.0 = Debug|Any CPU
		{742EB315-D51E-47FF-9C64-CE5F9F02E002}.Release|Any CPU.ActiveCfg = Release|Any CPU
		{742EB315-D51E-47FF-9C64-CE5F9F02E002}.Release|Any CPU.Build.0 = Release|Any CPU
	EndGlobalSection
	GlobalSection(SolutionProperties) = preSolution
		HideSolutionNode = FALSE
	EndGlobalSection
	GlobalSection(ExtensibilityGlobals) = postSolution
		SolutionGuid = {2E963382-4A4B-4038-ABE7-6B46A2C3C548}
	EndGlobalSection
EndGlobal
